<Solution>
  <Folder Name="/src/">
    <Project Path="src/CadSpace.Geometry/CadSpace.Geometry.csproj" />
    <Project Path="src/CadSpace.Model/CadSpace.Model.csproj" />
    <Project Path="src/CadSpace.Dxf/CadSpace.Dxf.csproj" />
    <Project Path="src/CadSpace.Engine/CadSpace.Engine.csproj" />
    <Project Path="src/CadSpace.Rendering/CadSpace.Rendering.csproj" />
    <Project Path="src/CadSpace.Controls/CadSpace.Controls.csproj" />
    <Project Path="src/CadSpace.App/CadSpace.App.csproj" />
  </Folder>
  <Folder Name="/tests/">
    <Project Path="tests/CadSpace.Editing.Tests/CadSpace.Editing.Tests.csproj" />
    <Project Path="tests/CadSpace.Tests/CadSpace.Tests.csproj" />
    <Project Path="tests/CadSpace.Exchange.Tests/CadSpace.Exchange.Tests.csproj" />
    <Project Path="tests/CadSpace.Persistence.Tests/CadSpace.Persistence.Tests.csproj" />
    <Project Path="tests/CadSpace.Advanced.Tests/CadSpace.Advanced.Tests.csproj" />
    <Project Path="tests/CadSpace.Performance.Tests/CadSpace.Performance.Tests.csproj" />
  </Folder>
</Solution>
